// !$*UTF8*$!
{
	archiveVersion = 1;
	classes = {
	};
	objectVersion = 46;
	objects = {

/* Begin PBXBuildFile section */
		4FA72BED1E66F3F000104FAA /* AppDelegate.swift in Sources */ = {isa = PBXBuildFile; fileRef = 4FA72BEC1E66F3F000104FAA /* AppDelegate.swift */; };
		4FA72BEF1E66F3F000104FAA /* AuthController.swift in Sources */ = {isa = PBXBuildFile; fileRef = 4FA72BEE1E66F3F000104FAA /* AuthController.swift */; };
		4FA72BF21E66F3F000104FAA /* Main.storyboard in Resources */ = {isa = PBXBuildFile; fileRef = 4FA72BF01E66F3F000104FAA /* Main.storyboard */; };
		4FA72BF41E66F3F000104FAA /* Assets.xcassets in Resources */ = {isa = PBXBuildFile; fileRef = 4FA72BF31E66F3F000104FAA /* Assets.xcassets */; };
		4FA72BF71E66F3F000104FAA /* LaunchScreen.storyboard in Resources */ = {isa = PBXBuildFile; fileRef = 4FA72BF51E66F3F000104FAA /* LaunchScreen.storyboard */; };
		4FA72C021E66F3F000104FAA /* JitenshaMobileTests.swift in Sources */ = {isa = PBXBuildFile; fileRef = 4FA72C011E66F3F000104FAA /* JitenshaMobileTests.swift */; };
		4FA72C101E6707A200104FAA /* GET#places.json in Resources */ = {isa = PBXBuildFile; fileRef = 4FA72C0C1E6707A200104FAA /* GET#places.json */; };
		4FA72C111E6707A200104FAA /* POST#auth.json in Resources */ = {isa = PBXBuildFile; fileRef = 4FA72C0D1E6707A200104FAA /* POST#auth.json */; };
		4FA72C121E6707A200104FAA /* Post#register.json in Resources */ = {isa = PBXBuildFile; fileRef = 4FA72C0E1E6707A200104FAA /* Post#register.json */; };
		4FA72C131E6707A200104FAA /* POST#rent.json in Resources */ = {isa = PBXBuildFile; fileRef = 4FA72C0F1E6707A200104FAA /* POST#rent.json */; };
		4FA72C181E673A7F00104FAA /* JitenshaAPI.swift in Sources */ = {isa = PBXBuildFile; fileRef = 4FA72C171E673A7F00104FAA /* JitenshaAPI.swift */; };
		4FA72C1A1E673FAA00104FAA /* APIClient.swift in Sources */ = {isa = PBXBuildFile; fileRef = 4FA72C191E673FAA00104FAA /* APIClient.swift */; };
		572566ADDC4018C99C92B7A2 /* Pods_JitenshaMobileTests.framework in Frameworks */ = {isa = PBXBuildFile; fileRef = 66F4CC0AC00B3C529330A39B /* Pods_JitenshaMobileTests.framework */; };
		A2681A36063D9C2CC5D48AAE /* Pods_JitenshaMobile.framework in Frameworks */ = {isa = PBXBuildFile; fileRef = DDD2CCE4C90B6E42B28FDA84 /* Pods_JitenshaMobile.framework */; };
/* End PBXBuildFile section */

/* Begin PBXContainerItemProxy section */
		4FA72BFE1E66F3F000104FAA /* PBXContainerItemProxy */ = {
			isa = PBXContainerItemProxy;
			containerPortal = 4FA72BE11E66F3F000104FAA /* Project object */;
			proxyType = 1;
			remoteGlobalIDString = 4FA72BE81E66F3F000104FAA;
			remoteInfo = JitenshaMobile;
		};
/* End PBXContainerItemProxy section */

/* Begin PBXFileReference section */
		1927EB7D9847CE85A1F0F146 /* Pods-JitenshaMobileTests.release.xcconfig */ = {isa = PBXFileReference; includeInIndex = 1; lastKnownFileType = text.xcconfig; name = "Pods-JitenshaMobileTests.release.xcconfig"; path = "Pods/Target Support Files/Pods-JitenshaMobileTests/Pods-JitenshaMobileTests.release.xcconfig"; sourceTree = "<group>"; };
		3910CD167AC9482937069BBA /* Pods-JitenshaMobile.debug.xcconfig */ = {isa = PBXFileReference; includeInIndex = 1; lastKnownFileType = text.xcconfig; name = "Pods-JitenshaMobile.debug.xcconfig"; path = "Pods/Target Support Files/Pods-JitenshaMobile/Pods-JitenshaMobile.debug.xcconfig"; sourceTree = "<group>"; };
		4FA72BE91E66F3F000104FAA /* JitenshaMobile.app */ = {isa = PBXFileReference; explicitFileType = wrapper.application; includeInIndex = 0; path = JitenshaMobile.app; sourceTree = BUILT_PRODUCTS_DIR; };
		4FA72BEC1E66F3F000104FAA /* AppDelegate.swift */ = {isa = PBXFileReference; lastKnownFileType = sourcecode.swift; path = AppDelegate.swift; sourceTree = "<group>"; };
		4FA72BEE1E66F3F000104FAA /* AuthController.swift */ = {isa = PBXFileReference; lastKnownFileType = sourcecode.swift; path = AuthController.swift; sourceTree = "<group>"; };
		4FA72BF11E66F3F000104FAA /* Base */ = {isa = PBXFileReference; lastKnownFileType = file.storyboard; name = Base; path = Base.lproj/Main.storyboard; sourceTree = "<group>"; };
		4FA72BF31E66F3F000104FAA /* Assets.xcassets */ = {isa = PBXFileReference; lastKnownFileType = folder.assetcatalog; path = Assets.xcassets; sourceTree = "<group>"; };
		4FA72BF61E66F3F000104FAA /* Base */ = {isa = PBXFileReference; lastKnownFileType = file.storyboard; name = Base; path = Base.lproj/LaunchScreen.storyboard; sourceTree = "<group>"; };
		4FA72BF81E66F3F000104FAA /* Info.plist */ = {isa = PBXFileReference; lastKnownFileType = text.plist.xml; path = Info.plist; sourceTree = "<group>"; };
		4FA72BFD1E66F3F000104FAA /* JitenshaMobileTests.xctest */ = {isa = PBXFileReference; explicitFileType = wrapper.cfbundle; includeInIndex = 0; path = JitenshaMobileTests.xctest; sourceTree = BUILT_PRODUCTS_DIR; };
		4FA72C011E66F3F000104FAA /* JitenshaMobileTests.swift */ = {isa = PBXFileReference; lastKnownFileType = sourcecode.swift; path = JitenshaMobileTests.swift; sourceTree = "<group>"; };
		4FA72C031E66F3F000104FAA /* Info.plist */ = {isa = PBXFileReference; lastKnownFileType = text.plist.xml; path = Info.plist; sourceTree = "<group>"; };
		4FA72C0C1E6707A200104FAA /* GET#places.json */ = {isa = PBXFileReference; fileEncoding = 4; lastKnownFileType = text.json; path = "GET#places.json"; sourceTree = "<group>"; };
		4FA72C0D1E6707A200104FAA /* POST#auth.json */ = {isa = PBXFileReference; fileEncoding = 4; lastKnownFileType = text.json; path = "POST#auth.json"; sourceTree = "<group>"; };
		4FA72C0E1E6707A200104FAA /* Post#register.json */ = {isa = PBXFileReference; fileEncoding = 4; lastKnownFileType = text.json; path = "Post#register.json"; sourceTree = "<group>"; };
		4FA72C0F1E6707A200104FAA /* POST#rent.json */ = {isa = PBXFileReference; fileEncoding = 4; lastKnownFileType = text.json; path = "POST#rent.json"; sourceTree = "<group>"; };
		4FA72C171E673A7F00104FAA /* JitenshaAPI.swift */ = {isa = PBXFileReference; fileEncoding = 4; lastKnownFileType = sourcecode.swift; name = JitenshaAPI.swift; path = APIClinet/JitenshaAPI.swift; sourceTree = "<group>"; };
		4FA72C191E673FAA00104FAA /* APIClient.swift */ = {isa = PBXFileReference; fileEncoding = 4; lastKnownFileType = sourcecode.swift; name = APIClient.swift; path = APIClinet/APIClient.swift; sourceTree = "<group>"; };
		66F4CC0AC00B3C529330A39B /* Pods_JitenshaMobileTests.framework */ = {isa = PBXFileReference; explicitFileType = wrapper.framework; includeInIndex = 0; path = Pods_JitenshaMobileTests.framework; sourceTree = BUILT_PRODUCTS_DIR; };
		7D0F8131C6BE540190FEFC0B /* Pods-JitenshaMobile.release.xcconfig */ = {isa = PBXFileReference; includeInIndex = 1; lastKnownFileType = text.xcconfig; name = "Pods-JitenshaMobile.release.xcconfig"; path = "Pods/Target Support Files/Pods-JitenshaMobile/Pods-JitenshaMobile.release.xcconfig"; sourceTree = "<group>"; };
		A7A2A953AD20097880BA54B8 /* Pods-JitenshaMobileTests.debug.xcconfig */ = {isa = PBXFileReference; includeInIndex = 1; lastKnownFileType = text.xcconfig; name = "Pods-JitenshaMobileTests.debug.xcconfig"; path = "Pods/Target Support Files/Pods-JitenshaMobileTests/Pods-JitenshaMobileTests.debug.xcconfig"; sourceTree = "<group>"; };
		DDD2CCE4C90B6E42B28FDA84 /* Pods_JitenshaMobile.framework */ = {isa = PBXFileReference; explicitFileType = wrapper.framework; includeInIndex = 0; path = Pods_JitenshaMobile.framework; sourceTree = BUILT_PRODUCTS_DIR; };
/* End PBXFileReference section */

/* Begin PBXFrameworksBuildPhase section */
		4FA72BE61E66F3F000104FAA /* Frameworks */ = {
			isa = PBXFrameworksBuildPhase;
			buildActionMask = 2147483647;
			files = (
				A2681A36063D9C2CC5D48AAE /* Pods_JitenshaMobile.framework in Frameworks */,
			);
			runOnlyForDeploymentPostprocessing = 0;
		};
		4FA72BFA1E66F3F000104FAA /* Frameworks */ = {
			isa = PBXFrameworksBuildPhase;
			buildActionMask = 2147483647;
			files = (
				572566ADDC4018C99C92B7A2 /* Pods_JitenshaMobileTests.framework in Frameworks */,
			);
			runOnlyForDeploymentPostprocessing = 0;
		};
/* End PBXFrameworksBuildPhase section */

/* Begin PBXGroup section */
		20DD6AD653E8261519C9F892 /* Pods */ = {
			isa = PBXGroup;
			children = (
				3910CD167AC9482937069BBA /* Pods-JitenshaMobile.debug.xcconfig */,
				7D0F8131C6BE540190FEFC0B /* Pods-JitenshaMobile.release.xcconfig */,
				A7A2A953AD20097880BA54B8 /* Pods-JitenshaMobileTests.debug.xcconfig */,
				1927EB7D9847CE85A1F0F146 /* Pods-JitenshaMobileTests.release.xcconfig */,
			);
			name = Pods;
			sourceTree = "<group>";
		};
		45CF9FE906B2F5D2CB091F23 /* Frameworks */ = {
			isa = PBXGroup;
			children = (
				DDD2CCE4C90B6E42B28FDA84 /* Pods_JitenshaMobile.framework */,
				66F4CC0AC00B3C529330A39B /* Pods_JitenshaMobileTests.framework */,
			);
			name = Frameworks;
			sourceTree = "<group>";
		};
		4FA72BE01E66F3F000104FAA = {
			isa = PBXGroup;
			children = (
				4FA72BEB1E66F3F000104FAA /* JitenshaMobile */,
				4FA72C001E66F3F000104FAA /* JitenshaMobileTests */,
				4FA72BEA1E66F3F000104FAA /* Products */,
				20DD6AD653E8261519C9F892 /* Pods */,
				45CF9FE906B2F5D2CB091F23 /* Frameworks */,
			);
			sourceTree = "<group>";
		};
		4FA72BEA1E66F3F000104FAA /* Products */ = {
			isa = PBXGroup;
			children = (
				4FA72BE91E66F3F000104FAA /* JitenshaMobile.app */,
				4FA72BFD1E66F3F000104FAA /* JitenshaMobileTests.xctest */,
			);
			name = Products;
			sourceTree = "<group>";
		};
		4FA72BEB1E66F3F000104FAA /* JitenshaMobile */ = {
			isa = PBXGroup;
			children = (
				4FA72BEC1E66F3F000104FAA /* AppDelegate.swift */,
				4FA72BEE1E66F3F000104FAA /* AuthController.swift */,
				4FA72BF01E66F3F000104FAA /* Main.storyboard */,
				4FA72BF31E66F3F000104FAA /* Assets.xcassets */,
				4FA72BF51E66F3F000104FAA /* LaunchScreen.storyboard */,
				4FA72BF81E66F3F000104FAA /* Info.plist */,
				4FA72C1B1E67466300104FAA /* API */,
			);
			path = JitenshaMobile;
			sourceTree = "<group>";
		};
		4FA72C001E66F3F000104FAA /* JitenshaMobileTests */ = {
			isa = PBXGroup;
			children = (
				4FA72C011E66F3F000104FAA /* JitenshaMobileTests.swift */,
				4FA72C031E66F3F000104FAA /* Info.plist */,
				4FA72C141E6707AC00104FAA /* JSON Responses */,
			);
			path = JitenshaMobileTests;
			sourceTree = "<group>";
		};
		4FA72C141E6707AC00104FAA /* JSON Responses */ = {
			isa = PBXGroup;
			children = (
				4FA72C0C1E6707A200104FAA /* GET#places.json */,
				4FA72C0D1E6707A200104FAA /* POST#auth.json */,
				4FA72C0E1E6707A200104FAA /* Post#register.json */,
				4FA72C0F1E6707A200104FAA /* POST#rent.json */,
			);
			name = "JSON Responses";
			sourceTree = "<group>";
		};
		4FA72C1B1E67466300104FAA /* API */ = {
			isa = PBXGroup;
			children = (
				4FA72C171E673A7F00104FAA /* JitenshaAPI.swift */,
				4FA72C191E673FAA00104FAA /* APIClient.swift */,
			);
			name = API;
			sourceTree = "<group>";
		};
/* End PBXGroup section */

/* Begin PBXNativeTarget section */
		4FA72BE81E66F3F000104FAA /* JitenshaMobile */ = {
			isa = PBXNativeTarget;
			buildConfigurationList = 4FA72C061E66F3F000104FAA /* Build configuration list for PBXNativeTarget "JitenshaMobile" */;
			buildPhases = (
				51C22852DF2E7D87F24DBA2B /* [CP] Check Pods Manifest.lock */,
				4FA72BE51E66F3F000104FAA /* Sources */,
				4FA72BE61E66F3F000104FAA /* Frameworks */,
				4FA72BE71E66F3F000104FAA /* Resources */,
				B1EC1D940FEBF66720F87851 /* [CP] Embed Pods Frameworks */,
				511B1ED616B0E98469C93924 /* [CP] Copy Pods Resources */,
			);
			buildRules = (
			);
			dependencies = (
			);
			name = JitenshaMobile;
			productName = JitenshaMobile;
			productReference = 4FA72BE91E66F3F000104FAA /* JitenshaMobile.app */;
			productType = "com.apple.product-type.application";
		};
		4FA72BFC1E66F3F000104FAA /* JitenshaMobileTests */ = {
			isa = PBXNativeTarget;
			buildConfigurationList = 4FA72C091E66F3F000104FAA /* Build configuration list for PBXNativeTarget "JitenshaMobileTests" */;
			buildPhases = (
				C45545FDC7CFE249239D5094 /* [CP] Check Pods Manifest.lock */,
				4FA72BF91E66F3F000104FAA /* Sources */,
				4FA72BFA1E66F3F000104FAA /* Frameworks */,
				4FA72BFB1E66F3F000104FAA /* Resources */,
				76151671EA578E9C5D6C3791 /* [CP] Embed Pods Frameworks */,
				34A74CE91ED435947FDC1CDD /* [CP] Copy Pods Resources */,
			);
			buildRules = (
			);
			dependencies = (
				4FA72BFF1E66F3F000104FAA /* PBXTargetDependency */,
			);
			name = JitenshaMobileTests;
			productName = JitenshaMobileTests;
			productReference = 4FA72BFD1E66F3F000104FAA /* JitenshaMobileTests.xctest */;
			productType = "com.apple.product-type.bundle.unit-test";
		};
/* End PBXNativeTarget section */

/* Begin PBXProject section */
		4FA72BE11E66F3F000104FAA /* Project object */ = {
			isa = PBXProject;
			attributes = {
				LastSwiftUpdateCheck = 0820;
				LastUpgradeCheck = 0820;
				TargetAttributes = {
					4FA72BE81E66F3F000104FAA = {
						CreatedOnToolsVersion = 8.2.1;
						DevelopmentTeam = M9399PEWF4;
						ProvisioningStyle = Automatic;
					};
					4FA72BFC1E66F3F000104FAA = {
						CreatedOnToolsVersion = 8.2.1;
						DevelopmentTeam = M9399PEWF4;
						ProvisioningStyle = Automatic;
						TestTargetID = 4FA72BE81E66F3F000104FAA;
					};
				};
			};
			buildConfigurationList = 4FA72BE41E66F3F000104FAA /* Build configuration list for PBXProject "JitenshaMobile" */;
			compatibilityVersion = "Xcode 3.2";
			developmentRegion = English;
			hasScannedForEncodings = 0;
			knownRegions = (
				en,
				Base,
			);
			mainGroup = 4FA72BE01E66F3F000104FAA;
			productRefGroup = 4FA72BEA1E66F3F000104FAA /* Products */;
			projectDirPath = "";
			projectRoot = "";
			targets = (
				4FA72BE81E66F3F000104FAA /* JitenshaMobile */,
				4FA72BFC1E66F3F000104FAA /* JitenshaMobileTests */,
			);
		};
/* End PBXProject section */

/* Begin PBXResourcesBuildPhase section */
		4FA72BE71E66F3F000104FAA /* Resources */ = {
			isa = PBXResourcesBuildPhase;
			buildActionMask = 2147483647;
			files = (
				4FA72BF71E66F3F000104FAA /* LaunchScreen.storyboard in Resources */,
				4FA72BF41E66F3F000104FAA /* Assets.xcassets in Resources */,
				4FA72BF21E66F3F000104FAA /* Main.storyboard in Resources */,
			);
			runOnlyForDeploymentPostprocessing = 0;
		};
		4FA72BFB1E66F3F000104FAA /* Resources */ = {
			isa = PBXResourcesBuildPhase;
			buildActionMask = 2147483647;
			files = (
				4FA72C131E6707A200104FAA /* POST#rent.json in Resources */,
				4FA72C101E6707A200104FAA /* GET#places.json in Resources */,
				4FA72C121E6707A200104FAA /* Post#register.json in Resources */,
				4FA72C111E6707A200104FAA /* POST#auth.json in Resources */,
			);
			runOnlyForDeploymentPostprocessing = 0;
		};
/* End PBXResourcesBuildPhase section */

/* Begin PBXShellScriptBuildPhase section */
		34A74CE91ED435947FDC1CDD /* [CP] Copy Pods Resources */ = {
			isa = PBXShellScriptBuildPhase;
			buildActionMask = 2147483647;
			files = (
			);
			inputPaths = (
			);
			name = "[CP] Copy Pods Resources";
			outputPaths = (
			);
			runOnlyForDeploymentPostprocessing = 0;
			shellPath = /bin/sh;
			shellScript = "\"${SRCROOT}/Pods/Target Support Files/Pods-JitenshaMobileTests/Pods-JitenshaMobileTests-resources.sh\"\n";
			showEnvVarsInLog = 0;
		};
		511B1ED616B0E98469C93924 /* [CP] Copy Pods Resources */ = {
			isa = PBXShellScriptBuildPhase;
			buildActionMask = 2147483647;
			files = (
			);
			inputPaths = (
			);
			name = "[CP] Copy Pods Resources";
			outputPaths = (
			);
			runOnlyForDeploymentPostprocessing = 0;
			shellPath = /bin/sh;
			shellScript = "\"${SRCROOT}/Pods/Target Support Files/Pods-JitenshaMobile/Pods-JitenshaMobile-resources.sh\"\n";
			showEnvVarsInLog = 0;
		};
		51C22852DF2E7D87F24DBA2B /* [CP] Check Pods Manifest.lock */ = {
			isa = PBXShellScriptBuildPhase;
			buildActionMask = 2147483647;
			files = (
			);
			inputPaths = (
			);
			name = "[CP] Check Pods Manifest.lock";
			outputPaths = (
			);
			runOnlyForDeploymentPostprocessing = 0;
			shellPath = /bin/sh;
			shellScript = "diff \"${PODS_ROOT}/../Podfile.lock\" \"${PODS_ROOT}/Manifest.lock\" > /dev/null\nif [ $? != 0 ] ; then\n    # print error to STDERR\n    echo \"error: The sandbox is not in sync with the Podfile.lock. Run 'pod install' or update your CocoaPods installation.\" >&2\n    exit 1\nfi\n";
			showEnvVarsInLog = 0;
		};
		76151671EA578E9C5D6C3791 /* [CP] Embed Pods Frameworks */ = {
			isa = PBXShellScriptBuildPhase;
			buildActionMask = 2147483647;
			files = (
			);
			inputPaths = (
			);
			name = "[CP] Embed Pods Frameworks";
			outputPaths = (
			);
			runOnlyForDeploymentPostprocessing = 0;
			shellPath = /bin/sh;
			shellScript = "\"${SRCROOT}/Pods/Target Support Files/Pods-JitenshaMobileTests/Pods-JitenshaMobileTests-frameworks.sh\"\n";
			showEnvVarsInLog = 0;
		};
		B1EC1D940FEBF66720F87851 /* [CP] Embed Pods Frameworks */ = {
			isa = PBXShellScriptBuildPhase;
			buildActionMask = 2147483647;
			files = (
			);
			inputPaths = (
			);
			name = "[CP] Embed Pods Frameworks";
			outputPaths = (
			);
			runOnlyForDeploymentPostprocessing = 0;
			shellPath = /bin/sh;
			shellScript = "\"${SRCROOT}/Pods/Target Support Files/Pods-JitenshaMobile/Pods-JitenshaMobile-frameworks.sh\"\n";
			showEnvVarsInLog = 0;
		};
		C45545FDC7CFE249239D5094 /* [CP] Check Pods Manifest.lock */ = {
			isa = PBXShellScriptBuildPhase;
			buildActionMask = 2147483647;
			files = (
			);
			inputPaths = (
			);
			name = "[CP] Check Pods Manifest.lock";
			outputPaths = (
			);
			runOnlyForDeploymentPostprocessing = 0;
			shellPath = /bin/sh;
			shellScript = "diff \"${PODS_ROOT}/../Podfile.lock\" \"${PODS_ROOT}/Manifest.lock\" > /dev/null\nif [ $? != 0 ] ; then\n    # print error to STDERR\n    echo \"error: The sandbox is not in sync with the Podfile.lock. Run 'pod install' or update your CocoaPods installation.\" >&2\n    exit 1\nfi\n";
			showEnvVarsInLog = 0;
		};
/* End PBXShellScriptBuildPhase section */

/* Begin PBXSourcesBuildPhase section */
		4FA72BE51E66F3F000104FAA /* Sources */ = {
			isa = PBXSourcesBuildPhase;
			buildActionMask = 2147483647;
			files = (
				4FA72C1A1E673FAA00104FAA /* APIClient.swift in Sources */,
				4FA72BEF1E66F3F000104FAA /* AuthController.swift in Sources */,
				4FA72BED1E66F3F000104FAA /* AppDelegate.swift in Sources */,
				4FA72C181E673A7F00104FAA /* JitenshaAPI.swift in Sources */,
			);
			runOnlyForDeploymentPostprocessing = 0;
		};
		4FA72BF91E66F3F000104FAA /* Sources */ = {
			isa = PBXSourcesBuildPhase;
			buildActionMask = 2147483647;
			files = (
				4FA72C021E66F3F000104FAA /* JitenshaMobileTests.swift in Sources */,
			);
			runOnlyForDeploymentPostprocessing = 0;
		};
/* End PBXSourcesBuildPhase section */

/* Begin PBXTargetDependency section */
		4FA72BFF1E66F3F000104FAA /* PBXTargetDependency */ = {
			isa = PBXTargetDependency;
			target = 4FA72BE81E66F3F000104FAA /* JitenshaMobile */;
			targetProxy = 4FA72BFE1E66F3F000104FAA /* PBXContainerItemProxy */;
		};
/* End PBXTargetDependency section */

/* Begin PBXVariantGroup section */
		4FA72BF01E66F3F000104FAA /* Main.storyboard */ = {
			isa = PBXVariantGroup;
			children = (
				4FA72BF11E66F3F000104FAA /* Base */,
			);
			name = Main.storyboard;
			sourceTree = "<group>";
		};
		4FA72BF51E66F3F000104FAA /* LaunchScreen.storyboard */ = {
			isa = PBXVariantGroup;
			children = (
				4FA72BF61E66F3F000104FAA /* Base */,
			);
			name = LaunchScreen.storyboard;
			sourceTree = "<group>";
		};
/* End PBXVariantGroup section */

/* Begin XCBuildConfiguration section */
		4FA72C041E66F3F000104FAA /* Debug */ = {
			isa = XCBuildConfiguration;
			buildSettings = {
				ALWAYS_SEARCH_USER_PATHS = NO;
				CLANG_ANALYZER_NONNULL = YES;
				CLANG_CXX_LANGUAGE_STANDARD = "gnu++0x";
				CLANG_CXX_LIBRARY = "libc++";
				CLANG_ENABLE_MODULES = YES;
				CLANG_ENABLE_OBJC_ARC = YES;
				CLANG_WARN_BOOL_CONVERSION = YES;
				CLANG_WARN_CONSTANT_CONVERSION = YES;
				CLANG_WARN_DIRECT_OBJC_ISA_USAGE = YES_ERROR;
				CLANG_WARN_DOCUMENTATION_COMMENTS = YES;
				CLANG_WARN_EMPTY_BODY = YES;
				CLANG_WARN_ENUM_CONVERSION = YES;
				CLANG_WARN_INFINITE_RECURSION = YES;
				CLANG_WARN_INT_CONVERSION = YES;
				CLANG_WARN_OBJC_ROOT_CLASS = YES_ERROR;
				CLANG_WARN_SUSPICIOUS_MOVE = YES;
				CLANG_WARN_UNREACHABLE_CODE = YES;
				CLANG_WARN__DUPLICATE_METHOD_MATCH = YES;
				"CODE_SIGN_IDENTITY[sdk=iphoneos*]" = "iPhone Developer";
				COPY_PHASE_STRIP = NO;
				DEBUG_INFORMATION_FORMAT = dwarf;
				ENABLE_STRICT_OBJC_MSGSEND = YES;
				ENABLE_TESTABILITY = YES;
				GCC_C_LANGUAGE_STANDARD = gnu99;
				GCC_DYNAMIC_NO_PIC = NO;
				GCC_NO_COMMON_BLOCKS = YES;
				GCC_OPTIMIZATION_LEVEL = 0;
				GCC_PREPROCESSOR_DEFINITIONS = (
					"DEBUG=1",
					"$(inherited)",
				);
				GCC_WARN_64_TO_32_BIT_CONVERSION = YES;
				GCC_WARN_ABOUT_RETURN_TYPE = YES_ERROR;
				GCC_WARN_UNDECLARED_SELECTOR = YES;
				GCC_WARN_UNINITIALIZED_AUTOS = YES_AGGRESSIVE;
				GCC_WARN_UNUSED_FUNCTION = YES;
				GCC_WARN_UNUSED_VARIABLE = YES;
				IPHONEOS_DEPLOYMENT_TARGET = 10.2;
				MTL_ENABLE_DEBUG_INFO = YES;
				ONLY_ACTIVE_ARCH = YES;
				SDKROOT = iphoneos;
				SWIFT_ACTIVE_COMPILATION_CONDITIONS = DEBUG;
				SWIFT_OPTIMIZATION_LEVEL = "-Onone";
			};
			name = Debug;
		};
		4FA72C051E66F3F000104FAA /* Release */ = {
			isa = XCBuildConfiguration;
			buildSettings = {
				ALWAYS_SEARCH_USER_PATHS = NO;
				CLANG_ANALYZER_NONNULL = YES;
				CLANG_CXX_LANGUAGE_STANDARD = "gnu++0x";
				CLANG_CXX_LIBRARY = "libc++";
				CLANG_ENABLE_MODULES = YES;
				CLANG_ENABLE_OBJC_ARC = YES;
				CLANG_WARN_BOOL_CONVERSION = YES;
				CLANG_WARN_CONSTANT_CONVERSION = YES;
				CLANG_WARN_DIRECT_OBJC_ISA_USAGE = YES_ERROR;
				CLANG_WARN_DOCUMENTATION_COMMENTS = YES;
				CLANG_WARN_EMPTY_BODY = YES;
				CLANG_WARN_ENUM_CONVERSION = YES;
				CLANG_WARN_INFINITE_RECURSION = YES;
				CLANG_WARN_INT_CONVERSION = YES;
				CLANG_WARN_OBJC_ROOT_CLASS = YES_ERROR;
				CLANG_WARN_SUSPICIOUS_MOVE = YES;
				CLANG_WARN_UNREACHABLE_CODE = YES;
				CLANG_WARN__DUPLICATE_METHOD_MATCH = YES;
				"CODE_SIGN_IDENTITY[sdk=iphoneos*]" = "iPhone Developer";
				COPY_PHASE_STRIP = NO;
				DEBUG_INFORMATION_FORMAT = "dwarf-with-dsym";
				ENABLE_NS_ASSERTIONS = NO;
				ENABLE_STRICT_OBJC_MSGSEND = YES;
				GCC_C_LANGUAGE_STANDARD = gnu99;
				GCC_NO_COMMON_BLOCKS = YES;
				GCC_WARN_64_TO_32_BIT_CONVERSION = YES;
				GCC_WARN_ABOUT_RETURN_TYPE = YES_ERROR;
				GCC_WARN_UNDECLARED_SELECTOR = YES;
				GCC_WARN_UNINITIALIZED_AUTOS = YES_AGGRESSIVE;
				GCC_WARN_UNUSED_FUNCTION = YES;
				GCC_WARN_UNUSED_VARIABLE = YES;
				IPHONEOS_DEPLOYMENT_TARGET = 10.2;
				MTL_ENABLE_DEBUG_INFO = NO;
				SDKROOT = iphoneos;
				SWIFT_OPTIMIZATION_LEVEL = "-Owholemodule";
				VALIDATE_PRODUCT = YES;
			};
			name = Release;
		};
		4FA72C071E66F3F000104FAA /* Debug */ = {
			isa = XCBuildConfiguration;
			baseConfigurationReference = 3910CD167AC9482937069BBA /* Pods-JitenshaMobile.debug.xcconfig */;
			buildSettings = {
				ASSETCATALOG_COMPILER_APPICON_NAME = AppIcon;
				DEVELOPMENT_TEAM = M9399PEWF4;
				INFOPLIST_FILE = JitenshaMobile/Info.plist;
				IPHONEOS_DEPLOYMENT_TARGET = 8.0;
				LD_RUNPATH_SEARCH_PATHS = "$(inherited) @executable_path/Frameworks";
				PRODUCT_BUNDLE_IDENTIFIER = com.cjndubisi.JitenshaMobile;
				PRODUCT_NAME = "$(TARGET_NAME)";
				SWIFT_VERSION = 3.0;
			};
			name = Debug;
		};
		4FA72C081E66F3F000104FAA /* Release */ = {
			isa = XCBuildConfiguration;
			baseConfigurationReference = 7D0F8131C6BE540190FEFC0B /* Pods-JitenshaMobile.release.xcconfig */;
			buildSettings = {
				ASSETCATALOG_COMPILER_APPICON_NAME = AppIcon;
				DEVELOPMENT_TEAM = M9399PEWF4;
				INFOPLIST_FILE = JitenshaMobile/Info.plist;
				IPHONEOS_DEPLOYMENT_TARGET = 8.0;
				LD_RUNPATH_SEARCH_PATHS = "$(inherited) @executable_path/Frameworks";
				PRODUCT_BUNDLE_IDENTIFIER = com.cjndubisi.JitenshaMobile;
				PRODUCT_NAME = "$(TARGET_NAME)";
				SWIFT_VERSION = 3.0;
			};
			name = Release;
		};
		4FA72C0A1E66F3F000104FAA /* Debug */ = {
			isa = XCBuildConfiguration;
			baseConfigurationReference = A7A2A953AD20097880BA54B8 /* Pods-JitenshaMobileTests.debug.xcconfig */;
			buildSettings = {
				BUNDLE_LOADER = "$(TEST_HOST)";
				DEVELOPMENT_TEAM = M9399PEWF4;
				INFOPLIST_FILE = JitenshaMobileTests/Info.plist;
				LD_RUNPATH_SEARCH_PATHS = "$(inherited) @executable_path/Frameworks @loader_path/Frameworks";
				PRODUCT_BUNDLE_IDENTIFIER = com.cjndubisi.JitenshaMobileTests;
				PRODUCT_NAME = "$(TARGET_NAME)";
				SWIFT_VERSION = 3.0;
				TEST_HOST = "$(BUILT_PRODUCTS_DIR)/JitenshaMobile.app/JitenshaMobile";
			};
			name = Debug;
		};
		4FA72C0B1E66F3F000104FAA /* Release */ = {
			isa = XCBuildConfiguration;
			baseConfigurationReference = 1927EB7D9847CE85A1F0F146 /* Pods-JitenshaMobileTests.release.xcconfig */;
			buildSettings = {
				BUNDLE_LOADER = "$(TEST_HOST)";
				DEVELOPMENT_TEAM = M9399PEWF4;
				INFOPLIST_FILE = JitenshaMobileTests/Info.plist;
				LD_RUNPATH_SEARCH_PATHS = "$(inherited) @executable_path/Frameworks @loader_path/Frameworks";
				PRODUCT_BUNDLE_IDENTIFIER = com.cjndubisi.JitenshaMobileTests;
				PRODUCT_NAME = "$(TARGET_NAME)";
				SWIFT_VERSION = 3.0;
				TEST_HOST = "$(BUILT_PRODUCTS_DIR)/JitenshaMobile.app/JitenshaMobile";
			};
			name = Release;
		};
/* End XCBuildConfiguration section */

/* Begin XCConfigurationList section */
		4FA72BE41E66F3F000104FAA /* Build configuration list for PBXProject "JitenshaMobile" */ = {
			isa = XCConfigurationList;
			buildConfigurations = (
				4FA72C041E66F3F000104FAA /* Debug */,
				4FA72C051E66F3F000104FAA /* Release */,
			);
			defaultConfigurationIsVisible = 0;
			defaultConfigurationName = Release;
		};
		4FA72C061E66F3F000104FAA /* Build configuration list for PBXNativeTarget "JitenshaMobile" */ = {
			isa = XCConfigurationList;
			buildConfigurations = (
				4FA72C071E66F3F000104FAA /* Debug */,
				4FA72C081E66F3F000104FAA /* Release */,
			);
			defaultConfigurationIsVisible = 0;
			defaultConfigurationName = Release;
		};
		4FA72C091E66F3F000104FAA /* Build configuration list for PBXNativeTarget "JitenshaMobileTests" */ = {
			isa = XCConfigurationList;
			buildConfigurations = (
				4FA72C0A1E66F3F000104FAA /* Debug */,
				4FA72C0B1E66F3F000104FAA /* Release */,
			);
			defaultConfigurationIsVisible = 0;
			defaultConfigurationName = Release;
		};
/* End XCConfigurationList section */
	};
	rootObject = 4FA72BE11E66F3F000104FAA /* Project object */;
}
